
Microsoft Visual Studio Solution File, Format Version 12.00
# Visual Studio 15
VisualStudioVersion = 15.0.28307.572
MinimumVisualStudioVersion = 10.0.40219.1
Project("{FAE04EC0-301F-11D3-BF4B-00C04F79EFBC}") = "Practice_3_1", "Practice_3_1\Practice_3_1.csproj", "{4517D1F9-1CC9-44C7-9F6C-B2D1AC174411}"
EndProject
Global
	GlobalSection(SolutionConfigurationPlatforms) = preSolution
		Debug|Any CPU = Debug|Any CPU
		Release|Any CPU = Release|Any CPU
	EndGlobalSection
	GlobalSection(ProjectConfigurationPlatforms) = postSolution
		{4517D1F9-1CC9-44C7-9F6C-B2D1AC174411}.Debug|Any CPU.ActiveCfg = Debug|Any CPU
		{4517D1F9-1CC9-44C7-9F6C-B2D1AC174411}.Debug|Any CPU.Build.0 = Debug|Any CPU
		{4517D1F9-1CC9-44C7-9F6C-B2D1AC174411}.Release|Any CPU.ActiveCfg = Release|Any CPU
		{4517D1F9-1CC9-44C7-9F6C-B2D1AC174411}.Release|Any CPU.Build.0 = Release|Any CPU
	EndGlobalSection
	GlobalSection(SolutionProperties) = preSolution
		HideSolutionNode = FALSE
	EndGlobalSection
	GlobalSection(ExtensibilityGlobals) = postSolution
		SolutionGuid = {1CA6348B-4AA1-4673-8320-C0061F6AA3DC}
	EndGlobalSection
EndGlobal
